
Microsoft Visual Studio Solution File, Format Version 12.00
# Visual Studio 2012
Project("{FAE04EC0-301F-11D3-BF4B-00C04F79EFBC}") = "01.SimpleWCFService", "01.SimpleWCFService\01.SimpleWCFService.csproj", "{61E03BA2-9908-4E21-BD75-1EFCF4C020A1}"
EndProject
Project("{FAE04EC0-301F-11D3-BF4B-00C04F79EFBC}") = "02.ConsoleClient", "02.ConsoleClient\02.ConsoleClient.csproj", "{1B7B6C05-099C-4C7B-8289-2EB5738C18C7}"
	ProjectSection(ProjectDependencies) = postProject
		{61E03BA2-9908-4E21-BD75-1EFCF4C020A1} = {61E03BA2-9908-4E21-BD75-1EFCF4C020A1}
	EndProjectSection
EndProject
Global
	GlobalSection(SolutionConfigurationPlatforms) = preSolution
		Debug|Any CPU = Debug|Any CPU
		Release|Any CPU = Release|Any CPU
	EndGlobalSection
	GlobalSection(ProjectConfigurationPlatforms) = postSolution
		{61E03BA2-9908-4E21-BD75-1EFCF4C020A1}.Debug|Any CPU.ActiveCfg = Debug|Any CPU
		{61E03BA2-9908-4E21-BD75-1EFCF4C020A1}.Debug|Any CPU.Build.0 = Debug|Any CPU
		{61E03BA2-9908-4E21-BD75-1EFCF4C020A1}.Release|Any CPU.ActiveCfg = Release|Any CPU
		{61E03BA2-9908-4E21-BD75-1EFCF4C020A1}.Release|Any CPU.Build.0 = Release|Any CPU
		{1B7B6C05-099C-4C7B-8289-2EB5738C18C7}.Debug|Any CPU.ActiveCfg = Debug|Any CPU
		{1B7B6C05-099C-4C7B-8289-2EB5738C18C7}.Debug|Any CPU.Build.0 = Debug|Any CPU
		{1B7B6C05-099C-4C7B-8289-2EB5738C18C7}.Release|Any CPU.ActiveCfg = Release|Any CPU
		{1B7B6C05-099C-4C7B-8289-2EB5738C18C7}.Release|Any CPU.Build.0 = Release|Any CPU
	EndGlobalSection
	GlobalSection(SolutionProperties) = preSolution
		HideSolutionNode = FALSE
	EndGlobalSection
EndGlobal
