
Microsoft Visual Studio Solution File, Format Version 12.00
# Visual Studio 2012
Project("{FAE04EC0-301F-11D3-BF4B-00C04F79EFBC}") = "01.School", "01.School\01.School.csproj", "{896D3EF0-C732-4D8D-99A9-07726BD232BA}"
EndProject
Project("{FAE04EC0-301F-11D3-BF4B-00C04F79EFBC}") = "02.HumanAbstraction", "02.HumanAbstraction\02.HumanAbstraction.csproj", "{75EFAB26-7E4F-4BF9-A9C5-BF4EA6DA4B0D}"
EndProject
Project("{FAE04EC0-301F-11D3-BF4B-00C04F79EFBC}") = "03.Animals", "03.Animals\03.Animals.csproj", "{5B4F0577-6232-434E-9E58-2284D5436BE5}"
EndProject
Global
	GlobalSection(SolutionConfigurationPlatforms) = preSolution
		Debug|Any CPU = Debug|Any CPU
		Release|Any CPU = Release|Any CPU
	EndGlobalSection
	GlobalSection(ProjectConfigurationPlatforms) = postSolution
		{896D3EF0-C732-4D8D-99A9-07726BD232BA}.Debug|Any CPU.ActiveCfg = Debug|Any CPU
		{896D3EF0-C732-4D8D-99A9-07726BD232BA}.Debug|Any CPU.Build.0 = Debug|Any CPU
		{896D3EF0-C732-4D8D-99A9-07726BD232BA}.Release|Any CPU.ActiveCfg = Release|Any CPU
		{896D3EF0-C732-4D8D-99A9-07726BD232BA}.Release|Any CPU.Build.0 = Release|Any CPU
		{75EFAB26-7E4F-4BF9-A9C5-BF4EA6DA4B0D}.Debug|Any CPU.ActiveCfg = Debug|Any CPU
		{75EFAB26-7E4F-4BF9-A9C5-BF4EA6DA4B0D}.Debug|Any CPU.Build.0 = Debug|Any CPU
		{75EFAB26-7E4F-4BF9-A9C5-BF4EA6DA4B0D}.Release|Any CPU.ActiveCfg = Release|Any CPU
		{75EFAB26-7E4F-4BF9-A9C5-BF4EA6DA4B0D}.Release|Any CPU.Build.0 = Release|Any CPU
		{5B4F0577-6232-434E-9E58-2284D5436BE5}.Debug|Any CPU.ActiveCfg = Debug|Any CPU
		{5B4F0577-6232-434E-9E58-2284D5436BE5}.Debug|Any CPU.Build.0 = Debug|Any CPU
		{5B4F0577-6232-434E-9E58-2284D5436BE5}.Release|Any CPU.ActiveCfg = Release|Any CPU
		{5B4F0577-6232-434E-9E58-2284D5436BE5}.Release|Any CPU.Build.0 = Release|Any CPU
	EndGlobalSection
	GlobalSection(SolutionProperties) = preSolution
		HideSolutionNode = FALSE
	EndGlobalSection
EndGlobal
