
Microsoft Visual Studio Solution File, Format Version 12.00
# Visual Studio 2012
Project("{FAE04EC0-301F-11D3-BF4B-00C04F79EFBC}") = "ShoppingCenter", "ShoppingCenter\ShoppingCenter.csproj", "{56DA4C17-7458-4ED4-B9E8-7CD814363903}"
EndProject
Global
	GlobalSection(SolutionConfigurationPlatforms) = preSolution
		Debug|Any CPU = Debug|Any CPU
		Release|Any CPU = Release|Any CPU
	EndGlobalSection
	GlobalSection(ProjectConfigurationPlatforms) = postSolution
		{56DA4C17-7458-4ED4-B9E8-7CD814363903}.Debug|Any CPU.ActiveCfg = Debug|Any CPU
		{56DA4C17-7458-4ED4-B9E8-7CD814363903}.Debug|Any CPU.Build.0 = Debug|Any CPU
		{56DA4C17-7458-4ED4-B9E8-7CD814363903}.Release|Any CPU.ActiveCfg = Release|Any CPU
		{56DA4C17-7458-4ED4-B9E8-7CD814363903}.Release|Any CPU.Build.0 = Release|Any CPU
	EndGlobalSection
	GlobalSection(SolutionProperties) = preSolution
		HideSolutionNode = FALSE
	EndGlobalSection
EndGlobal
