
Microsoft Visual Studio Solution File, Format Version 12.00
# Visual Studio 2012
Project("{FAE04EC0-301F-11D3-BF4B-00C04F79EFBC}") = "TestPerformance", "TestPerformance\TestPerformance.csproj", "{F708E4AC-71D7-48FC-B78E-55EFFC333916}"
EndProject
Global
	GlobalSection(SolutionConfigurationPlatforms) = preSolution
		Debug|Any CPU = Debug|Any CPU
		Release|Any CPU = Release|Any CPU
	EndGlobalSection
	GlobalSection(ProjectConfigurationPlatforms) = postSolution
		{F708E4AC-71D7-48FC-B78E-55EFFC333916}.Debug|Any CPU.ActiveCfg = Debug|Any CPU
		{F708E4AC-71D7-48FC-B78E-55EFFC333916}.Debug|Any CPU.Build.0 = Debug|Any CPU
		{F708E4AC-71D7-48FC-B78E-55EFFC333916}.Release|Any CPU.ActiveCfg = Release|Any CPU
		{F708E4AC-71D7-48FC-B78E-55EFFC333916}.Release|Any CPU.Build.0 = Release|Any CPU
	EndGlobalSection
	GlobalSection(SolutionProperties) = preSolution
		HideSolutionNode = FALSE
	EndGlobalSection
EndGlobal
