
Microsoft Visual Studio Solution File, Format Version 12.00
# Visual Studio 2012
Project("{FAE04EC0-301F-11D3-BF4B-00C04F79EFBC}") = "SortingHomework", "SortingHomework\SortingHomework.csproj", "{94C6D831-D348-4329-8E86-C09B9EF24C7E}"
EndProject
Project("{FAE04EC0-301F-11D3-BF4B-00C04F79EFBC}") = "SortingHomeworkTests", "SortingHomeworkTests\SortingHomeworkTests.csproj", "{19A857D8-74EC-41DF-8643-B29B42057E66}"
EndProject
Global
	GlobalSection(SolutionConfigurationPlatforms) = preSolution
		Debug|Any CPU = Debug|Any CPU
		Release|Any CPU = Release|Any CPU
	EndGlobalSection
	GlobalSection(ProjectConfigurationPlatforms) = postSolution
		{94C6D831-D348-4329-8E86-C09B9EF24C7E}.Debug|Any CPU.ActiveCfg = Debug|Any CPU
		{94C6D831-D348-4329-8E86-C09B9EF24C7E}.Debug|Any CPU.Build.0 = Debug|Any CPU
		{94C6D831-D348-4329-8E86-C09B9EF24C7E}.Release|Any CPU.ActiveCfg = Release|Any CPU
		{94C6D831-D348-4329-8E86-C09B9EF24C7E}.Release|Any CPU.Build.0 = Release|Any CPU
		{19A857D8-74EC-41DF-8643-B29B42057E66}.Debug|Any CPU.ActiveCfg = Debug|Any CPU
		{19A857D8-74EC-41DF-8643-B29B42057E66}.Debug|Any CPU.Build.0 = Debug|Any CPU
		{19A857D8-74EC-41DF-8643-B29B42057E66}.Release|Any CPU.ActiveCfg = Release|Any CPU
		{19A857D8-74EC-41DF-8643-B29B42057E66}.Release|Any CPU.Build.0 = Release|Any CPU
	EndGlobalSection
	GlobalSection(SolutionProperties) = preSolution
		HideSolutionNode = FALSE
	EndGlobalSection
EndGlobal
